[[package]]
name = "evdev"
version = "1.4.0"
description = "Bindings to the Linux input handling subsystem"
category = "main"
optional = false
python-versions = "*"

[[package]]
name = "python-libinput"
version = "0.1.0"
description = "Object-oriented wrapper for libinput using ctypes"
category = "main"
optional = false
python-versions = "*"

[[package]]
name = "python-xlib"
version = "0.26"
description = "Python X Library"
category = "main"
optional = false
python-versions = "*"

[package.dependencies]
six = ">=1.10.0"

[[package]]
name = "six"
version = "1.15.0"
description = "Python 2 and 3 compatibility utilities"
category = "main"
optional = false
python-versions = ">=2.7, !=3.0.*, !=3.1.*, !=3.2.*"

[metadata]
lock-version = "1.1"
python-versions = "^3.6"
content-hash = "cdc3c7b1dc228ea47daaca29b3017badf1894622b05806803628569b4d2f2b51"

[metadata.files]
evdev = [
    {file = "evdev-1.4.0.tar.gz", hash = "sha256:8782740eb1a86b187334c07feb5127d3faa0b236e113206dfe3ae8f77fb1aaf1"},
]
python-libinput = [
    {file = "python-libinput-0.1.0.tar.gz", hash = "sha256:e6b20e7fd889001fe74b01a1ff456e5f53c9ed01b016d6ceb65b6f573f129758"},
]
python-xlib = [
    {file = "python-xlib-0.26.tar.bz2", hash = "sha256:b819c7e5f55830305919d78ea42b0cbd5e13687f5d12aa53556c33674b9876df"},
    {file = "python_xlib-0.26-py2.py3-none-any.whl", hash = "sha256:244570b93cb82f5ceea3e4c861b4a0fffcea36947efa10fd63b7aa69d30047a8"},
]
six = [
    {file = "six-1.15.0-py2.py3-none-any.whl", hash = "sha256:8b74bedcbbbaca38ff6d7491d76f2b06b3592611af620f8426e82dddb04a5ced"},
    {file = "six-1.15.0.tar.gz", hash = "sha256:30639c035cdb23534cd4aa2dd52c3bf48f06e5f4a941509c8bafd8ce11080259"},
]
